
Microsoft Visual Studio Solution File, Format Version 12.00
# Visual Studio Version 16
VisualStudioVersion = 16.0.32407.337
MinimumVisualStudioVersion = 10.0.40219.1
Project("{FAE04EC0-301F-11D3-BF4B-00C04F79EFBC}") = "SuperSimpleSpotifySearch", "SuperSimpleSpotifySearch.csproj", "{2CF7187F-F961-4DF6-9F1B-D1B1DF97F148}"
EndProject
Global
	GlobalSection(SolutionConfigurationPlatforms) = preSolution
		Debug|Any CPU = Debug|Any CPU
		Release|Any CPU = Release|Any CPU
	EndGlobalSection
	GlobalSection(ProjectConfigurationPlatforms) = postSolution
		{2CF7187F-F961-4DF6-9F1B-D1B1DF97F148}.Debug|Any CPU.ActiveCfg = Debug|Any CPU
		{2CF7187F-F961-4DF6-9F1B-D1B1DF97F148}.Debug|Any CPU.Build.0 = Debug|Any CPU
		{2CF7187F-F961-4DF6-9F1B-D1B1DF97F148}.Release|Any CPU.ActiveCfg = Release|Any CPU
		{2CF7187F-F961-4DF6-9F1B-D1B1DF97F148}.Release|Any CPU.Build.0 = Release|Any CPU
	EndGlobalSection
	GlobalSection(SolutionProperties) = preSolution
		HideSolutionNode = FALSE
	EndGlobalSection
	GlobalSection(ExtensibilityGlobals) = postSolution
		SolutionGuid = {BB03D698-4519-49C4-8BE5-AC0FFD4B54A1}
	EndGlobalSection
EndGlobal
